// !$*UTF8*$!
{
	archiveVersion = 1;
	classes = {
	};
	objectVersion = 50;
	objects = {

/* Begin PBXBuildFile section */
		B21D3A0725DA79BB0089171D /* City.swift in Sources */ = {isa = PBXBuildFile; fileRef = B21D3A0625DA79BB0089171D /* City.swift */; };
		B21D3A0C25DA7A410089171D /* Description.swift in Sources */ = {isa = PBXBuildFile; fileRef = B21D3A0B25DA7A410089171D /* Description.swift */; };
		B21D3A1125DA7B9C0089171D /* Temperature.swift in Sources */ = {isa = PBXBuildFile; fileRef = B21D3A1025DA7B9C0089171D /* Temperature.swift */; };
		B21D3A1625DA7BD70089171D /* Forecast.swift in Sources */ = {isa = PBXBuildFile; fileRef = B21D3A1525DA7BD70089171D /* Forecast.swift */; };
		B21D3A1B25DA7CB00089171D /* Weather.swift in Sources */ = {isa = PBXBuildFile; fileRef = B21D3A1A25DA7CB00089171D /* Weather.swift */; };
		B21D3A2025DA7D530089171D /* WeatherService.swift in Sources */ = {isa = PBXBuildFile; fileRef = B21D3A1F25DA7D530089171D /* WeatherService.swift */; };
		B21D3A2525DA7E2D0089171D /* HttpError.swift in Sources */ = {isa = PBXBuildFile; fileRef = B21D3A2425DA7E2C0089171D /* HttpError.swift */; };
		B21D3A2A25DA7EC10089171D /* FakeWeatherService.swift in Sources */ = {isa = PBXBuildFile; fileRef = B21D3A2925DA7EC10089171D /* FakeWeatherService.swift */; };
		B21D3A2F25DA816B0089171D /* ForecastViewModel.swift in Sources */ = {isa = PBXBuildFile; fileRef = B21D3A2E25DA816B0089171D /* ForecastViewModel.swift */; };
		B21D3A3425DA879D0089171D /* DayForecastViewModel.swift in Sources */ = {isa = PBXBuildFile; fileRef = B21D3A3325DA879D0089171D /* DayForecastViewModel.swift */; };
		B21D3A4025DA91BF0089171D /* Localizable.strings in Resources */ = {isa = PBXBuildFile; fileRef = B21D3A4225DA91BF0089171D /* Localizable.strings */; };
		B21D3A4725DA945D0089171D /* SettingsView.swift in Sources */ = {isa = PBXBuildFile; fileRef = B21D3A4625DA945D0089171D /* SettingsView.swift */; };
		B21D3A4F25DAA6660089171D /* URLSessionWeatherService.swift in Sources */ = {isa = PBXBuildFile; fileRef = B21D3A4E25DAA6660089171D /* URLSessionWeatherService.swift */; };
		B21D3A5725DAAF6C0089171D /* ForecastDetailsView.swift in Sources */ = {isa = PBXBuildFile; fileRef = B21D3A5625DAAF6C0089171D /* ForecastDetailsView.swift */; };
		B2C6312B25DA6D7E00C1D71D /* Color+ext.swift in Sources */ = {isa = PBXBuildFile; fileRef = B2C6312A25DA6D7E00C1D71D /* Color+ext.swift */; };
		B2C6313025DA6E9100C1D71D /* GradientView.swift in Sources */ = {isa = PBXBuildFile; fileRef = B2C6312F25DA6E9100C1D71D /* GradientView.swift */; };
		B2C6313525DA72E400C1D71D /* Image+ext.swift in Sources */ = {isa = PBXBuildFile; fileRef = B2C6313425DA72E400C1D71D /* Image+ext.swift */; };
		B2C6313A25DA744E00C1D71D /* Text+ext.swift in Sources */ = {isa = PBXBuildFile; fileRef = B2C6313925DA744E00C1D71D /* Text+ext.swift */; };
		B2C6313F25DA75D100C1D71D /* DayForecastView.swift in Sources */ = {isa = PBXBuildFile; fileRef = B2C6313E25DA75D100C1D71D /* DayForecastView.swift */; };
		B2CC776225DA606C003C3067 /* GoodWeatherApp.swift in Sources */ = {isa = PBXBuildFile; fileRef = B2CC776125DA606C003C3067 /* GoodWeatherApp.swift */; };
		B2CC776425DA606C003C3067 /* ForecastView.swift in Sources */ = {isa = PBXBuildFile; fileRef = B2CC776325DA606C003C3067 /* ForecastView.swift */; };
		B2CC776625DA606D003C3067 /* Assets.xcassets in Resources */ = {isa = PBXBuildFile; fileRef = B2CC776525DA606D003C3067 /* Assets.xcassets */; };
		B2CC776925DA606D003C3067 /* Preview Assets.xcassets in Resources */ = {isa = PBXBuildFile; fileRef = B2CC776825DA606D003C3067 /* Preview Assets.xcassets */; };
		B2CC777425DA606D003C3067 /* GoodWeatherTests.swift in Sources */ = {isa = PBXBuildFile; fileRef = B2CC777325DA606D003C3067 /* GoodWeatherTests.swift */; };
		B2CC777F25DA606D003C3067 /* GoodWeatherUITests.swift in Sources */ = {isa = PBXBuildFile; fileRef = B2CC777E25DA606D003C3067 /* GoodWeatherUITests.swift */; };
/* End PBXBuildFile section */

/* Begin PBXContainerItemProxy section */
		B2CC777025DA606D003C3067 /* PBXContainerItemProxy */ = {
			isa = PBXContainerItemProxy;
			containerPortal = B2CC775625DA606C003C3067 /* Project object */;
			proxyType = 1;
			remoteGlobalIDString = B2CC775D25DA606C003C3067;
			remoteInfo = GoodWeather;
		};
		B2CC777B25DA606D003C3067 /* PBXContainerItemProxy */ = {
			isa = PBXContainerItemProxy;
			containerPortal = B2CC775625DA606C003C3067 /* Project object */;
			proxyType = 1;
			remoteGlobalIDString = B2CC775D25DA606C003C3067;
			remoteInfo = GoodWeather;
		};
/* End PBXContainerItemProxy section */

/* Begin PBXFileReference section */
		B21D3A0625DA79BB0089171D /* City.swift */ = {isa = PBXFileReference; lastKnownFileType = sourcecode.swift; path = City.swift; sourceTree = "<group>"; };
		B21D3A0B25DA7A410089171D /* Description.swift */ = {isa = PBXFileReference; lastKnownFileType = sourcecode.swift; path = Description.swift; sourceTree = "<group>"; };
		B21D3A1025DA7B9C0089171D /* Temperature.swift */ = {isa = PBXFileReference; lastKnownFileType = sourcecode.swift; path = Temperature.swift; sourceTree = "<group>"; };
		B21D3A1525DA7BD70089171D /* Forecast.swift */ = {isa = PBXFileReference; lastKnownFileType = sourcecode.swift; path = Forecast.swift; sourceTree = "<group>"; };
		B21D3A1A25DA7CB00089171D /* Weather.swift */ = {isa = PBXFileReference; lastKnownFileType = sourcecode.swift; path = Weather.swift; sourceTree = "<group>"; };
		B21D3A1F25DA7D530089171D /* WeatherService.swift */ = {isa = PBXFileReference; lastKnownFileType = sourcecode.swift; path = WeatherService.swift; sourceTree = "<group>"; };
		B21D3A2425DA7E2C0089171D /* HttpError.swift */ = {isa = PBXFileReference; lastKnownFileType = sourcecode.swift; path = HttpError.swift; sourceTree = "<group>"; };
		B21D3A2925DA7EC10089171D /* FakeWeatherService.swift */ = {isa = PBXFileReference; fileEncoding = 4; lastKnownFileType = sourcecode.swift; path = FakeWeatherService.swift; sourceTree = "<group>"; };
		B21D3A2E25DA816B0089171D /* ForecastViewModel.swift */ = {isa = PBXFileReference; lastKnownFileType = sourcecode.swift; path = ForecastViewModel.swift; sourceTree = "<group>"; };
		B21D3A3325DA879D0089171D /* DayForecastViewModel.swift */ = {isa = PBXFileReference; lastKnownFileType = sourcecode.swift; path = DayForecastViewModel.swift; sourceTree = "<group>"; };
		B21D3A4125DA91BF0089171D /* pl */ = {isa = PBXFileReference; lastKnownFileType = text.plist.strings; name = pl; path = pl.lproj/Localizable.strings; sourceTree = "<group>"; };
		B21D3A4625DA945D0089171D /* SettingsView.swift */ = {isa = PBXFileReference; lastKnownFileType = sourcecode.swift; path = SettingsView.swift; sourceTree = "<group>"; };
		B21D3A4E25DAA6660089171D /* URLSessionWeatherService.swift */ = {isa = PBXFileReference; lastKnownFileType = sourcecode.swift; path = URLSessionWeatherService.swift; sourceTree = "<group>"; };
		B21D3A5625DAAF6C0089171D /* ForecastDetailsView.swift */ = {isa = PBXFileReference; lastKnownFileType = sourcecode.swift; path = ForecastDetailsView.swift; sourceTree = "<group>"; };
		B2C6312A25DA6D7E00C1D71D /* Color+ext.swift */ = {isa = PBXFileReference; lastKnownFileType = sourcecode.swift; path = "Color+ext.swift"; sourceTree = "<group>"; };
		B2C6312F25DA6E9100C1D71D /* GradientView.swift */ = {isa = PBXFileReference; lastKnownFileType = sourcecode.swift; path = GradientView.swift; sourceTree = "<group>"; };
		B2C6313425DA72E400C1D71D /* Image+ext.swift */ = {isa = PBXFileReference; lastKnownFileType = sourcecode.swift; path = "Image+ext.swift"; sourceTree = "<group>"; };
		B2C6313925DA744E00C1D71D /* Text+ext.swift */ = {isa = PBXFileReference; lastKnownFileType = sourcecode.swift; path = "Text+ext.swift"; sourceTree = "<group>"; };
		B2C6313E25DA75D100C1D71D /* DayForecastView.swift */ = {isa = PBXFileReference; lastKnownFileType = sourcecode.swift; path = DayForecastView.swift; sourceTree = "<group>"; };
		B2CC775E25DA606C003C3067 /* GoodWeather.app */ = {isa = PBXFileReference; explicitFileType = wrapper.application; includeInIndex = 0; path = GoodWeather.app; sourceTree = BUILT_PRODUCTS_DIR; };
		B2CC776125DA606C003C3067 /* GoodWeatherApp.swift */ = {isa = PBXFileReference; lastKnownFileType = sourcecode.swift; path = GoodWeatherApp.swift; sourceTree = "<group>"; };
		B2CC776325DA606C003C3067 /* ForecastView.swift */ = {isa = PBXFileReference; lastKnownFileType = sourcecode.swift; path = ForecastView.swift; sourceTree = "<group>"; };
		B2CC776525DA606D003C3067 /* Assets.xcassets */ = {isa = PBXFileReference; lastKnownFileType = folder.assetcatalog; path = Assets.xcassets; sourceTree = "<group>"; };
		B2CC776825DA606D003C3067 /* Preview Assets.xcassets */ = {isa = PBXFileReference; lastKnownFileType = folder.assetcatalog; path = "Preview Assets.xcassets"; sourceTree = "<group>"; };
		B2CC776A25DA606D003C3067 /* Info.plist */ = {isa = PBXFileReference; lastKnownFileType = text.plist.xml; path = Info.plist; sourceTree = "<group>"; };
		B2CC776F25DA606D003C3067 /* GoodWeatherTests.xctest */ = {isa = PBXFileReference; explicitFileType = wrapper.cfbundle; includeInIndex = 0; path = GoodWeatherTests.xctest; sourceTree = BUILT_PRODUCTS_DIR; };
		B2CC777325DA606D003C3067 /* GoodWeatherTests.swift */ = {isa = PBXFileReference; lastKnownFileType = sourcecode.swift; path = GoodWeatherTests.swift; sourceTree = "<group>"; };
		B2CC777525DA606D003C3067 /* Info.plist */ = {isa = PBXFileReference; lastKnownFileType = text.plist.xml; path = Info.plist; sourceTree = "<group>"; };
		B2CC777A25DA606D003C3067 /* GoodWeatherUITests.xctest */ = {isa = PBXFileReference; explicitFileType = wrapper.cfbundle; includeInIndex = 0; path = GoodWeatherUITests.xctest; sourceTree = BUILT_PRODUCTS_DIR; };
		B2CC777E25DA606D003C3067 /* GoodWeatherUITests.swift */ = {isa = PBXFileReference; lastKnownFileType = sourcecode.swift; path = GoodWeatherUITests.swift; sourceTree = "<group>"; };
		B2CC778025DA606D003C3067 /* Info.plist */ = {isa = PBXFileReference; lastKnownFileType = text.plist.xml; path = Info.plist; sourceTree = "<group>"; };
/* End PBXFileReference section */

/* Begin PBXFrameworksBuildPhase section */
		B2CC775B25DA606C003C3067 /* Frameworks */ = {
			isa = PBXFrameworksBuildPhase;
			buildActionMask = 2147483647;
			files = (
			);
			runOnlyForDeploymentPostprocessing = 0;
		};
		B2CC776C25DA606D003C3067 /* Frameworks */ = {
			isa = PBXFrameworksBuildPhase;
			buildActionMask = 2147483647;
			files = (
			);
			runOnlyForDeploymentPostprocessing = 0;
		};
		B2CC777725DA606D003C3067 /* Frameworks */ = {
			isa = PBXFrameworksBuildPhase;
			buildActionMask = 2147483647;
			files = (
			);
			runOnlyForDeploymentPostprocessing = 0;
		};
/* End PBXFrameworksBuildPhase section */

/* Begin PBXGroup section */
		B2C6312925DA6D5B00C1D71D /* Common */ = {
			isa = PBXGroup;
			children = (
				B2C6312A25DA6D7E00C1D71D /* Color+ext.swift */,
				B2C6313425DA72E400C1D71D /* Image+ext.swift */,
				B2C6313925DA744E00C1D71D /* Text+ext.swift */,
			);
			path = Common;
			sourceTree = "<group>";
		};
		B2CC775525DA606C003C3067 = {
			isa = PBXGroup;
			children = (
				B2CC776025DA606C003C3067 /* GoodWeather */,
				B2CC777225DA606D003C3067 /* GoodWeatherTests */,
				B2CC777D25DA606D003C3067 /* GoodWeatherUITests */,
				B2CC775F25DA606C003C3067 /* Products */,
			);
			sourceTree = "<group>";
		};
		B2CC775F25DA606C003C3067 /* Products */ = {
			isa = PBXGroup;
			children = (
				B2CC775E25DA606C003C3067 /* GoodWeather.app */,
				B2CC776F25DA606D003C3067 /* GoodWeatherTests.xctest */,
				B2CC777A25DA606D003C3067 /* GoodWeatherUITests.xctest */,
			);
			name = Products;
			sourceTree = "<group>";
		};
		B2CC776025DA606C003C3067 /* GoodWeather */ = {
			isa = PBXGroup;
			children = (
				B2C6312925DA6D5B00C1D71D /* Common */,
				B2CC779325DA69E2003C3067 /* Resources */,
				B2CC778F25DA697F003C3067 /* Model */,
				B2CC779025DA6987003C3067 /* ViewModel */,
				B2CC779125DA6990003C3067 /* View */,
				B2CC776125DA606C003C3067 /* GoodWeatherApp.swift */,
				B21D3A4225DA91BF0089171D /* Localizable.strings */,
				B2CC776725DA606D003C3067 /* Preview Content */,
			);
			path = GoodWeather;
			sourceTree = "<group>";
		};
		B2CC776725DA606D003C3067 /* Preview Content */ = {
			isa = PBXGroup;
			children = (
				B2CC776825DA606D003C3067 /* Preview Assets.xcassets */,
			);
			path = "Preview Content";
			sourceTree = "<group>";
		};
		B2CC777225DA606D003C3067 /* GoodWeatherTests */ = {
			isa = PBXGroup;
			children = (
				B2CC777325DA606D003C3067 /* GoodWeatherTests.swift */,
				B2CC777525DA606D003C3067 /* Info.plist */,
			);
			path = GoodWeatherTests;
			sourceTree = "<group>";
		};
		B2CC777D25DA606D003C3067 /* GoodWeatherUITests */ = {
			isa = PBXGroup;
			children = (
				B2CC777E25DA606D003C3067 /* GoodWeatherUITests.swift */,
				B2CC778025DA606D003C3067 /* Info.plist */,
			);
			path = GoodWeatherUITests;
			sourceTree = "<group>";
		};
		B2CC778F25DA697F003C3067 /* Model */ = {
			isa = PBXGroup;
			children = (
				B21D3A0625DA79BB0089171D /* City.swift */,
				B21D3A0B25DA7A410089171D /* Description.swift */,
				B21D3A1025DA7B9C0089171D /* Temperature.swift */,
				B21D3A1525DA7BD70089171D /* Forecast.swift */,
				B21D3A1A25DA7CB00089171D /* Weather.swift */,
				B21D3A1F25DA7D530089171D /* WeatherService.swift */,
				B21D3A2925DA7EC10089171D /* FakeWeatherService.swift */,
				B21D3A4E25DAA6660089171D /* URLSessionWeatherService.swift */,
				B21D3A2425DA7E2C0089171D /* HttpError.swift */,
			);
			path = Model;
			sourceTree = "<group>";
		};
		B2CC779025DA6987003C3067 /* ViewModel */ = {
			isa = PBXGroup;
			children = (
				B21D3A2E25DA816B0089171D /* ForecastViewModel.swift */,
				B21D3A3325DA879D0089171D /* DayForecastViewModel.swift */,
			);
			path = ViewModel;
			sourceTree = "<group>";
		};
		B2CC779125DA6990003C3067 /* View */ = {
			isa = PBXGroup;
			children = (
				B2CC776325DA606C003C3067 /* ForecastView.swift */,
				B2C6313E25DA75D100C1D71D /* DayForecastView.swift */,
				B2C6312F25DA6E9100C1D71D /* GradientView.swift */,
				B21D3A4625DA945D0089171D /* SettingsView.swift */,
				B21D3A5625DAAF6C0089171D /* ForecastDetailsView.swift */,
			);
			path = View;
			sourceTree = "<group>";
		};
		B2CC779325DA69E2003C3067 /* Resources */ = {
			isa = PBXGroup;
			children = (
				B2CC776525DA606D003C3067 /* Assets.xcassets */,
				B2CC776A25DA606D003C3067 /* Info.plist */,
			);
			path = Resources;
			sourceTree = "<group>";
		};
/* End PBXGroup section */

/* Begin PBXNativeTarget section */
		B2CC775D25DA606C003C3067 /* GoodWeather */ = {
			isa = PBXNativeTarget;
			buildConfigurationList = B2CC778325DA606D003C3067 /* Build configuration list for PBXNativeTarget "GoodWeather" */;
			buildPhases = (
				B2CC775A25DA606C003C3067 /* Sources */,
				B2CC775B25DA606C003C3067 /* Frameworks */,
				B2CC775C25DA606C003C3067 /* Resources */,
			);
			buildRules = (
			);
			dependencies = (
			);
			name = GoodWeather;
			productName = GoodWeather;
			productReference = B2CC775E25DA606C003C3067 /* GoodWeather.app */;
			productType = "com.apple.product-type.application";
		};
		B2CC776E25DA606D003C3067 /* GoodWeatherTests */ = {
			isa = PBXNativeTarget;
			buildConfigurationList = B2CC778625DA606D003C3067 /* Build configuration list for PBXNativeTarget "GoodWeatherTests" */;
			buildPhases = (
				B2CC776B25DA606D003C3067 /* Sources */,
				B2CC776C25DA606D003C3067 /* Frameworks */,
				B2CC776D25DA606D003C3067 /* Resources */,
			);
			buildRules = (
			);
			dependencies = (
				B2CC777125DA606D003C3067 /* PBXTargetDependency */,
			);
			name = GoodWeatherTests;
			productName = GoodWeatherTests;
			productReference = B2CC776F25DA606D003C3067 /* GoodWeatherTests.xctest */;
			productType = "com.apple.product-type.bundle.unit-test";
		};
		B2CC777925DA606D003C3067 /* GoodWeatherUITests */ = {
			isa = PBXNativeTarget;
			buildConfigurationList = B2CC778925DA606D003C3067 /* Build configuration list for PBXNativeTarget "GoodWeatherUITests" */;
			buildPhases = (
				B2CC777625DA606D003C3067 /* Sources */,
				B2CC777725DA606D003C3067 /* Frameworks */,
				B2CC777825DA606D003C3067 /* Resources */,
			);
			buildRules = (
			);
			dependencies = (
				B2CC777C25DA606D003C3067 /* PBXTargetDependency */,
			);
			name = GoodWeatherUITests;
			productName = GoodWeatherUITests;
			productReference = B2CC777A25DA606D003C3067 /* GoodWeatherUITests.xctest */;
			productType = "com.apple.product-type.bundle.ui-testing";
		};
/* End PBXNativeTarget section */

/* Begin PBXProject section */
		B2CC775625DA606C003C3067 /* Project object */ = {
			isa = PBXProject;
			attributes = {
				LastSwiftUpdateCheck = 1230;
				LastUpgradeCheck = 1230;
				TargetAttributes = {
					B2CC775D25DA606C003C3067 = {
						CreatedOnToolsVersion = 12.3;
					};
					B2CC776E25DA606D003C3067 = {
						CreatedOnToolsVersion = 12.3;
						TestTargetID = B2CC775D25DA606C003C3067;
					};
					B2CC777925DA606D003C3067 = {
						CreatedOnToolsVersion = 12.3;
						TestTargetID = B2CC775D25DA606C003C3067;
					};
				};
			};
			buildConfigurationList = B2CC775925DA606C003C3067 /* Build configuration list for PBXProject "GoodWeather" */;
			compatibilityVersion = "Xcode 9.3";
			developmentRegion = en;
			hasScannedForEncodings = 0;
			knownRegions = (
				en,
				Base,
				pl,
			);
			mainGroup = B2CC775525DA606C003C3067;
			productRefGroup = B2CC775F25DA606C003C3067 /* Products */;
			projectDirPath = "";
			projectRoot = "";
			targets = (
				B2CC775D25DA606C003C3067 /* GoodWeather */,
				B2CC776E25DA606D003C3067 /* GoodWeatherTests */,
				B2CC777925DA606D003C3067 /* GoodWeatherUITests */,
			);
		};
/* End PBXProject section */

/* Begin PBXResourcesBuildPhase section */
		B2CC775C25DA606C003C3067 /* Resources */ = {
			isa = PBXResourcesBuildPhase;
			buildActionMask = 2147483647;
			files = (
				B2CC776925DA606D003C3067 /* Preview Assets.xcassets in Resources */,
				B21D3A4025DA91BF0089171D /* Localizable.strings in Resources */,
				B2CC776625DA606D003C3067 /* Assets.xcassets in Resources */,
			);
			runOnlyForDeploymentPostprocessing = 0;
		};
		B2CC776D25DA606D003C3067 /* Resources */ = {
			isa = PBXResourcesBuildPhase;
			buildActionMask = 2147483647;
			files = (
			);
			runOnlyForDeploymentPostprocessing = 0;
		};
		B2CC777825DA606D003C3067 /* Resources */ = {
			isa = PBXResourcesBuildPhase;
			buildActionMask = 2147483647;
			files = (
			);
			runOnlyForDeploymentPostprocessing = 0;
		};
/* End PBXResourcesBuildPhase section */

/* Begin PBXSourcesBuildPhase section */
		B2CC775A25DA606C003C3067 /* Sources */ = {
			isa = PBXSourcesBuildPhase;
			buildActionMask = 2147483647;
			files = (
				B2C6313A25DA744E00C1D71D /* Text+ext.swift in Sources */,
				B2C6313525DA72E400C1D71D /* Image+ext.swift in Sources */,
				B2CC776425DA606C003C3067 /* ForecastView.swift in Sources */,
				B21D3A4725DA945D0089171D /* SettingsView.swift in Sources */,
				B2CC776225DA606C003C3067 /* GoodWeatherApp.swift in Sources */,
				B21D3A1B25DA7CB00089171D /* Weather.swift in Sources */,
				B21D3A2F25DA816B0089171D /* ForecastViewModel.swift in Sources */,
				B2C6313F25DA75D100C1D71D /* DayForecastView.swift in Sources */,
				B2C6313025DA6E9100C1D71D /* GradientView.swift in Sources */,
				B21D3A4F25DAA6660089171D /* URLSessionWeatherService.swift in Sources */,
				B21D3A0C25DA7A410089171D /* Description.swift in Sources */,
				B21D3A2A25DA7EC10089171D /* FakeWeatherService.swift in Sources */,
				B21D3A2525DA7E2D0089171D /* HttpError.swift in Sources */,
				B21D3A0725DA79BB0089171D /* City.swift in Sources */,
				B21D3A1125DA7B9C0089171D /* Temperature.swift in Sources */,
				B21D3A1625DA7BD70089171D /* Forecast.swift in Sources */,
				B21D3A5725DAAF6C0089171D /* ForecastDetailsView.swift in Sources */,
				B2C6312B25DA6D7E00C1D71D /* Color+ext.swift in Sources */,
				B21D3A2025DA7D530089171D /* WeatherService.swift in Sources */,
				B21D3A3425DA879D0089171D /* DayForecastViewModel.swift in Sources */,
			);
			runOnlyForDeploymentPostprocessing = 0;
		};
		B2CC776B25DA606D003C3067 /* Sources */ = {
			isa = PBXSourcesBuildPhase;
			buildActionMask = 2147483647;
			files = (
				B2CC777425DA606D003C3067 /* GoodWeatherTests.swift in Sources */,
			);
			runOnlyForDeploymentPostprocessing = 0;
		};
		B2CC777625DA606D003C3067 /* Sources */ = {
			isa = PBXSourcesBuildPhase;
			buildActionMask = 2147483647;
			files = (
				B2CC777F25DA606D003C3067 /* GoodWeatherUITests.swift in Sources */,
			);
			runOnlyForDeploymentPostprocessing = 0;
		};
/* End PBXSourcesBuildPhase section */

/* Begin PBXTargetDependency section */
		B2CC777125DA606D003C3067 /* PBXTargetDependency */ = {
			isa = PBXTargetDependency;
			target = B2CC775D25DA606C003C3067 /* GoodWeather */;
			targetProxy = B2CC777025DA606D003C3067 /* PBXContainerItemProxy */;
		};
		B2CC777C25DA606D003C3067 /* PBXTargetDependency */ = {
			isa = PBXTargetDependency;
			target = B2CC775D25DA606C003C3067 /* GoodWeather */;
			targetProxy = B2CC777B25DA606D003C3067 /* PBXContainerItemProxy */;
		};
/* End PBXTargetDependency section */

/* Begin PBXVariantGroup section */
		B21D3A4225DA91BF0089171D /* Localizable.strings */ = {
			isa = PBXVariantGroup;
			children = (
				B21D3A4125DA91BF0089171D /* pl */,
			);
			name = Localizable.strings;
			sourceTree = "<group>";
		};
/* End PBXVariantGroup section */

/* Begin XCBuildConfiguration section */
		B2CC778125DA606D003C3067 /* Debug */ = {
			isa = XCBuildConfiguration;
			buildSettings = {
				ALWAYS_SEARCH_USER_PATHS = NO;
				CLANG_ANALYZER_NONNULL = YES;
				CLANG_ANALYZER_NUMBER_OBJECT_CONVERSION = YES_AGGRESSIVE;
				CLANG_CXX_LANGUAGE_STANDARD = "gnu++14";
				CLANG_CXX_LIBRARY = "libc++";
				CLANG_ENABLE_MODULES = YES;
				CLANG_ENABLE_OBJC_ARC = YES;
				CLANG_ENABLE_OBJC_WEAK = YES;
				CLANG_WARN_BLOCK_CAPTURE_AUTORELEASING = YES;
				CLANG_WARN_BOOL_CONVERSION = YES;
				CLANG_WARN_COMMA = YES;
				CLANG_WARN_CONSTANT_CONVERSION = YES;
				CLANG_WARN_DEPRECATED_OBJC_IMPLEMENTATIONS = YES;
				CLANG_WARN_DIRECT_OBJC_ISA_USAGE = YES_ERROR;
				CLANG_WARN_DOCUMENTATION_COMMENTS = YES;
				CLANG_WARN_EMPTY_BODY = YES;
				CLANG_WARN_ENUM_CONVERSION = YES;
				CLANG_WARN_INFINITE_RECURSION = YES;
				CLANG_WARN_INT_CONVERSION = YES;
				CLANG_WARN_NON_LITERAL_NULL_CONVERSION = YES;
				CLANG_WARN_OBJC_IMPLICIT_RETAIN_SELF = YES;
				CLANG_WARN_OBJC_LITERAL_CONVERSION = YES;
				CLANG_WARN_OBJC_ROOT_CLASS = YES_ERROR;
				CLANG_WARN_QUOTED_INCLUDE_IN_FRAMEWORK_HEADER = YES;
				CLANG_WARN_RANGE_LOOP_ANALYSIS = YES;
				CLANG_WARN_STRICT_PROTOTYPES = YES;
				CLANG_WARN_SUSPICIOUS_MOVE = YES;
				CLANG_WARN_UNGUARDED_AVAILABILITY = YES_AGGRESSIVE;
				CLANG_WARN_UNREACHABLE_CODE = YES;
				CLANG_WARN__DUPLICATE_METHOD_MATCH = YES;
				COPY_PHASE_STRIP = NO;
				DEBUG_INFORMATION_FORMAT = dwarf;
				ENABLE_STRICT_OBJC_MSGSEND = YES;
				ENABLE_TESTABILITY = YES;
				GCC_C_LANGUAGE_STANDARD = gnu11;
				GCC_DYNAMIC_NO_PIC = NO;
				GCC_NO_COMMON_BLOCKS = YES;
				GCC_OPTIMIZATION_LEVEL = 0;
				GCC_PREPROCESSOR_DEFINITIONS = (
					"DEBUG=1",
					"$(inherited)",
				);
				GCC_WARN_64_TO_32_BIT_CONVERSION = YES;
				GCC_WARN_ABOUT_RETURN_TYPE = YES_ERROR;
				GCC_WARN_UNDECLARED_SELECTOR = YES;
				GCC_WARN_UNINITIALIZED_AUTOS = YES_AGGRESSIVE;
				GCC_WARN_UNUSED_FUNCTION = YES;
				GCC_WARN_UNUSED_VARIABLE = YES;
				IPHONEOS_DEPLOYMENT_TARGET = 14.3;
				MTL_ENABLE_DEBUG_INFO = INCLUDE_SOURCE;
				MTL_FAST_MATH = YES;
				ONLY_ACTIVE_ARCH = YES;
				SDKROOT = iphoneos;
				SWIFT_ACTIVE_COMPILATION_CONDITIONS = DEBUG;
				SWIFT_OPTIMIZATION_LEVEL = "-Onone";
			};
			name = Debug;
		};
		B2CC778225DA606D003C3067 /* Release */ = {
			isa = XCBuildConfiguration;
			buildSettings = {
				ALWAYS_SEARCH_USER_PATHS = NO;
				CLANG_ANALYZER_NONNULL = YES;
				CLANG_ANALYZER_NUMBER_OBJECT_CONVERSION = YES_AGGRESSIVE;
				CLANG_CXX_LANGUAGE_STANDARD = "gnu++14";
				CLANG_CXX_LIBRARY = "libc++";
				CLANG_ENABLE_MODULES = YES;
				CLANG_ENABLE_OBJC_ARC = YES;
				CLANG_ENABLE_OBJC_WEAK = YES;
				CLANG_WARN_BLOCK_CAPTURE_AUTORELEASING = YES;
				CLANG_WARN_BOOL_CONVERSION = YES;
				CLANG_WARN_COMMA = YES;
				CLANG_WARN_CONSTANT_CONVERSION = YES;
				CLANG_WARN_DEPRECATED_OBJC_IMPLEMENTATIONS = YES;
				CLANG_WARN_DIRECT_OBJC_ISA_USAGE = YES_ERROR;
				CLANG_WARN_DOCUMENTATION_COMMENTS = YES;
				CLANG_WARN_EMPTY_BODY = YES;
				CLANG_WARN_ENUM_CONVERSION = YES;
				CLANG_WARN_INFINITE_RECURSION = YES;
				CLANG_WARN_INT_CONVERSION = YES;
				CLANG_WARN_NON_LITERAL_NULL_CONVERSION = YES;
				CLANG_WARN_OBJC_IMPLICIT_RETAIN_SELF = YES;
				CLANG_WARN_OBJC_LITERAL_CONVERSION = YES;
				CLANG_WARN_OBJC_ROOT_CLASS = YES_ERROR;
				CLANG_WARN_QUOTED_INCLUDE_IN_FRAMEWORK_HEADER = YES;
				CLANG_WARN_RANGE_LOOP_ANALYSIS = YES;
				CLANG_WARN_STRICT_PROTOTYPES = YES;
				CLANG_WARN_SUSPICIOUS_MOVE = YES;
				CLANG_WARN_UNGUARDED_AVAILABILITY = YES_AGGRESSIVE;
				CLANG_WARN_UNREACHABLE_CODE = YES;
				CLANG_WARN__DUPLICATE_METHOD_MATCH = YES;
				COPY_PHASE_STRIP = NO;
				DEBUG_INFORMATION_FORMAT = "dwarf-with-dsym";
				ENABLE_NS_ASSERTIONS = NO;
				ENABLE_STRICT_OBJC_MSGSEND = YES;
				GCC_C_LANGUAGE_STANDARD = gnu11;
				GCC_NO_COMMON_BLOCKS = YES;
				GCC_WARN_64_TO_32_BIT_CONVERSION = YES;
				GCC_WARN_ABOUT_RETURN_TYPE = YES_ERROR;
				GCC_WARN_UNDECLARED_SELECTOR = YES;
				GCC_WARN_UNINITIALIZED_AUTOS = YES_AGGRESSIVE;
				GCC_WARN_UNUSED_FUNCTION = YES;
				GCC_WARN_UNUSED_VARIABLE = YES;
				IPHONEOS_DEPLOYMENT_TARGET = 14.3;
				MTL_ENABLE_DEBUG_INFO = NO;
				MTL_FAST_MATH = YES;
				SDKROOT = iphoneos;
				SWIFT_COMPILATION_MODE = wholemodule;
				SWIFT_OPTIMIZATION_LEVEL = "-O";
				VALIDATE_PRODUCT = YES;
			};
			name = Release;
		};
		B2CC778425DA606D003C3067 /* Debug */ = {
			isa = XCBuildConfiguration;
			buildSettings = {
				ASSETCATALOG_COMPILER_APPICON_NAME = AppIcon;
				ASSETCATALOG_COMPILER_GLOBAL_ACCENT_COLOR_NAME = AccentColor;
				CODE_SIGN_STYLE = Automatic;
				DEVELOPMENT_ASSET_PATHS = "\"GoodWeather/Preview Content\"";
				DEVELOPMENT_TEAM = 34A9J24W7Y;
				ENABLE_PREVIEWS = YES;
				INFOPLIST_FILE = GoodWeather/Resources/Info.plist;
				IPHONEOS_DEPLOYMENT_TARGET = 14.0;
				LD_RUNPATH_SEARCH_PATHS = (
					"$(inherited)",
					"@executable_path/Frameworks",
				);
				PRODUCT_BUNDLE_IDENTIFIER = io.swiftdeveloper.GoodWeather;
				PRODUCT_NAME = "$(TARGET_NAME)";
				SWIFT_VERSION = 5.0;
				TARGETED_DEVICE_FAMILY = "1,2";
			};
			name = Debug;
		};
		B2CC778525DA606D003C3067 /* Release */ = {
			isa = XCBuildConfiguration;
			buildSettings = {
				ASSETCATALOG_COMPILER_APPICON_NAME = AppIcon;
				ASSETCATALOG_COMPILER_GLOBAL_ACCENT_COLOR_NAME = AccentColor;
				CODE_SIGN_STYLE = Automatic;
				DEVELOPMENT_ASSET_PATHS = "\"GoodWeather/Preview Content\"";
				DEVELOPMENT_TEAM = 34A9J24W7Y;
				ENABLE_PREVIEWS = YES;
				INFOPLIST_FILE = GoodWeather/Resources/Info.plist;
				IPHONEOS_DEPLOYMENT_TARGET = 14.0;
				LD_RUNPATH_SEARCH_PATHS = (
					"$(inherited)",
					"@executable_path/Frameworks",
				);
				PRODUCT_BUNDLE_IDENTIFIER = io.swiftdeveloper.GoodWeather;
				PRODUCT_NAME = "$(TARGET_NAME)";
				SWIFT_VERSION = 5.0;
				TARGETED_DEVICE_FAMILY = "1,2";
			};
			name = Release;
		};
		B2CC778725DA606D003C3067 /* Debug */ = {
			isa = XCBuildConfiguration;
			buildSettings = {
				ALWAYS_EMBED_SWIFT_STANDARD_LIBRARIES = YES;
				BUNDLE_LOADER = "$(TEST_HOST)";
				CODE_SIGN_STYLE = Automatic;
				DEVELOPMENT_TEAM = 34A9J24W7Y;
				INFOPLIST_FILE = GoodWeatherTests/Info.plist;
				IPHONEOS_DEPLOYMENT_TARGET = 14.0;
				LD_RUNPATH_SEARCH_PATHS = (
					"$(inherited)",
					"@executable_path/Frameworks",
					"@loader_path/Frameworks",
				);
				PRODUCT_BUNDLE_IDENTIFIER = io.swiftdeveloper.GoodWeatherTests;
				PRODUCT_NAME = "$(TARGET_NAME)";
				SWIFT_VERSION = 5.0;
				TARGETED_DEVICE_FAMILY = "1,2";
				TEST_HOST = "$(BUILT_PRODUCTS_DIR)/GoodWeather.app/GoodWeather";
			};
			name = Debug;
		};
		B2CC778825DA606D003C3067 /* Release */ = {
			isa = XCBuildConfiguration;
			buildSettings = {
				ALWAYS_EMBED_SWIFT_STANDARD_LIBRARIES = YES;
				BUNDLE_LOADER = "$(TEST_HOST)";
				CODE_SIGN_STYLE = Automatic;
				DEVELOPMENT_TEAM = 34A9J24W7Y;
				INFOPLIST_FILE = GoodWeatherTests/Info.plist;
				IPHONEOS_DEPLOYMENT_TARGET = 14.0;
				LD_RUNPATH_SEARCH_PATHS = (
					"$(inherited)",
					"@executable_path/Frameworks",
					"@loader_path/Frameworks",
				);
				PRODUCT_BUNDLE_IDENTIFIER = io.swiftdeveloper.GoodWeatherTests;
				PRODUCT_NAME = "$(TARGET_NAME)";
				SWIFT_VERSION = 5.0;
				TARGETED_DEVICE_FAMILY = "1,2";
				TEST_HOST = "$(BUILT_PRODUCTS_DIR)/GoodWeather.app/GoodWeather";
			};
			name = Release;
		};
		B2CC778A25DA606D003C3067 /* Debug */ = {
			isa = XCBuildConfiguration;
			buildSettings = {
				ALWAYS_EMBED_SWIFT_STANDARD_LIBRARIES = YES;
				CODE_SIGN_STYLE = Automatic;
				DEVELOPMENT_TEAM = 34A9J24W7Y;
				INFOPLIST_FILE = GoodWeatherUITests/Info.plist;
				LD_RUNPATH_SEARCH_PATHS = (
					"$(inherited)",
					"@executable_path/Frameworks",
					"@loader_path/Frameworks",
				);
				PRODUCT_BUNDLE_IDENTIFIER = io.swiftdeveloper.GoodWeatherUITests;
				PRODUCT_NAME = "$(TARGET_NAME)";
				SWIFT_VERSION = 5.0;
				TARGETED_DEVICE_FAMILY = "1,2";
				TEST_TARGET_NAME = GoodWeather;
			};
			name = Debug;
		};
		B2CC778B25DA606D003C3067 /* Release */ = {
			isa = XCBuildConfiguration;
			buildSettings = {
				ALWAYS_EMBED_SWIFT_STANDARD_LIBRARIES = YES;
				CODE_SIGN_STYLE = Automatic;
				DEVELOPMENT_TEAM = 34A9J24W7Y;
				INFOPLIST_FILE = GoodWeatherUITests/Info.plist;
				LD_RUNPATH_SEARCH_PATHS = (
					"$(inherited)",
					"@executable_path/Frameworks",
					"@loader_path/Frameworks",
				);
				PRODUCT_BUNDLE_IDENTIFIER = io.swiftdeveloper.GoodWeatherUITests;
				PRODUCT_NAME = "$(TARGET_NAME)";
				SWIFT_VERSION = 5.0;
				TARGETED_DEVICE_FAMILY = "1,2";
				TEST_TARGET_NAME = GoodWeather;
			};
			name = Release;
		};
/* End XCBuildConfiguration section */

/* Begin XCConfigurationList section */
		B2CC775925DA606C003C3067 /* Build configuration list for PBXProject "GoodWeather" */ = {
			isa = XCConfigurationList;
			buildConfigurations = (
				B2CC778125DA606D003C3067 /* Debug */,
				B2CC778225DA606D003C3067 /* Release */,
			);
			defaultConfigurationIsVisible = 0;
			defaultConfigurationName = Release;
		};
		B2CC778325DA606D003C3067 /* Build configuration list for PBXNativeTarget "GoodWeather" */ = {
			isa = XCConfigurationList;
			buildConfigurations = (
				B2CC778425DA606D003C3067 /* Debug */,
				B2CC778525DA606D003C3067 /* Release */,
			);
			defaultConfigurationIsVisible = 0;
			defaultConfigurationName = Release;
		};
		B2CC778625DA606D003C3067 /* Build configuration list for PBXNativeTarget "GoodWeatherTests" */ = {
			isa = XCConfigurationList;
			buildConfigurations = (
				B2CC778725DA606D003C3067 /* Debug */,
				B2CC778825DA606D003C3067 /* Release */,
			);
			defaultConfigurationIsVisible = 0;
			defaultConfigurationName = Release;
		};
		B2CC778925DA606D003C3067 /* Build configuration list for PBXNativeTarget "GoodWeatherUITests" */ = {
			isa = XCConfigurationList;
			buildConfigurations = (
				B2CC778A25DA606D003C3067 /* Debug */,
				B2CC778B25DA606D003C3067 /* Release */,
			);
			defaultConfigurationIsVisible = 0;
			defaultConfigurationName = Release;
		};
/* End XCConfigurationList section */
	};
	rootObject = B2CC775625DA606C003C3067 /* Project object */;
}
